// !$*UTF8*$!
{
	archiveVersion = 1;
	classes = {
	};
	objectVersion = 46;
	objects = {

/* Begin PBXBuildFile section */
		6039CFE41DC389A800395D18 /* Settings+CoreDataProperties.swift in Sources */ = {isa = PBXBuildFile; fileRef = 6039CFE21DC389A800395D18 /* Settings+CoreDataProperties.swift */; };
		6039CFE51DC389A800395D18 /* Settings.swift in Sources */ = {isa = PBXBuildFile; fileRef = 6039CFE31DC389A800395D18 /* Settings.swift */; };
		603EB2721DCD76730057E55A /* ShinobiCharts.framework in Frameworks */ = {isa = PBXBuildFile; fileRef = 603EB2711DCD76730057E55A /* ShinobiCharts.framework */; };
		603EB2751DCD767C0057E55A /* libc++.tbd in Frameworks */ = {isa = PBXBuildFile; fileRef = 603EB2741DCD767C0057E55A /* libc++.tbd */; };
		603EB27B1DCD77C30057E55A /* ShinobiChartController.swift in Sources */ = {isa = PBXBuildFile; fileRef = 603EB27A1DCD77C30057E55A /* ShinobiChartController.swift */; };
		604EF09A1DC7538600E00620 /* SettingVolumeCell.swift in Sources */ = {isa = PBXBuildFile; fileRef = 604EF0991DC7538600E00620 /* SettingVolumeCell.swift */; };
		6054169A1DC1AE2900AB05FC /* BabyActivity+CoreDataProperties.swift in Sources */ = {isa = PBXBuildFile; fileRef = 605416961DC1AE2900AB05FC /* BabyActivity+CoreDataProperties.swift */; };
		6054169B1DC1AE2900AB05FC /* BabyActivity.swift in Sources */ = {isa = PBXBuildFile; fileRef = 605416971DC1AE2900AB05FC /* BabyActivity.swift */; };
		60660BB31DC1AF13008EDA35 /* ActivityController.swift in Sources */ = {isa = PBXBuildFile; fileRef = 60660BB21DC1AF13008EDA35 /* ActivityController.swift */; };
		6088CF0C1DC1CD580015A453 /* HomeController.swift in Sources */ = {isa = PBXBuildFile; fileRef = 6088CF0B1DC1CD580015A453 /* HomeController.swift */; };
		609288221DC1A74100026331 /* LiveStreamingController.swift in Sources */ = {isa = PBXBuildFile; fileRef = 609288211DC1A74100026331 /* LiveStreamingController.swift */; };
		609A1CB01DC184E700B3FEF7 /* ActivityLogCell.swift in Sources */ = {isa = PBXBuildFile; fileRef = 609A1CAF1DC184E700B3FEF7 /* ActivityLogCell.swift */; };
		609A1CB21DC1863600B3FEF7 /* SettingCell.swift in Sources */ = {isa = PBXBuildFile; fileRef = 609A1CB11DC1863600B3FEF7 /* SettingCell.swift */; };
		609A1CB51DC1873B00B3FEF7 /* SettingController.swift in Sources */ = {isa = PBXBuildFile; fileRef = 609A1CB41DC1873B00B3FEF7 /* SettingController.swift */; };
		60E0BF6E1DC7678A000BCB74 /* UtilityForViewControllers.swift in Sources */ = {isa = PBXBuildFile; fileRef = 60E0BF6D1DC7678A000BCB74 /* UtilityForViewControllers.swift */; };
		60E736841DCC4CE100EF8FC2 /* SettingNameCell.swift in Sources */ = {isa = PBXBuildFile; fileRef = 60E736831DCC4CE100EF8FC2 /* SettingNameCell.swift */; };
		60EF91DB1DC708FA001B2851 /* SettingTimePeriodCell.swift in Sources */ = {isa = PBXBuildFile; fileRef = 60EF91DA1DC708FA001B2851 /* SettingTimePeriodCell.swift */; };
		60F905311DCC35E800C73B31 /* SettingDefaultImgCell.swift in Sources */ = {isa = PBXBuildFile; fileRef = 60F905301DCC35E800C73B31 /* SettingDefaultImgCell.swift */; };
		60F905351DCC468400C73B31 /* BabyNameController.swift in Sources */ = {isa = PBXBuildFile; fileRef = 60F905341DCC468400C73B31 /* BabyNameController.swift */; };
		60F9E1B51DC0EEBA0083D240 /* AppDelegate.swift in Sources */ = {isa = PBXBuildFile; fileRef = 60F9E1B41DC0EEBA0083D240 /* AppDelegate.swift */; };
		60F9E1BA1DC0EEBA0083D240 /* Main.storyboard in Resources */ = {isa = PBXBuildFile; fileRef = 60F9E1B81DC0EEBA0083D240 /* Main.storyboard */; };
		60F9E1BD1DC0EEBA0083D240 /* babyMonitor.xcdatamodeld in Sources */ = {isa = PBXBuildFile; fileRef = 60F9E1BB1DC0EEBA0083D240 /* babyMonitor.xcdatamodeld */; };
		60F9E1BF1DC0EEBA0083D240 /* Assets.xcassets in Resources */ = {isa = PBXBuildFile; fileRef = 60F9E1BE1DC0EEBA0083D240 /* Assets.xcassets */; };
		60F9E1C21DC0EEBA0083D240 /* LaunchScreen.storyboard in Resources */ = {isa = PBXBuildFile; fileRef = 60F9E1C01DC0EEBA0083D240 /* LaunchScreen.storyboard */; };
/* End PBXBuildFile section */

/* Begin PBXFileReference section */
		6039CFE21DC389A800395D18 /* Settings+CoreDataProperties.swift */ = {isa = PBXFileReference; fileEncoding = 4; lastKnownFileType = sourcecode.swift; path = "Settings+CoreDataProperties.swift"; sourceTree = "<group>"; };
		6039CFE31DC389A800395D18 /* Settings.swift */ = {isa = PBXFileReference; fileEncoding = 4; lastKnownFileType = sourcecode.swift; path = Settings.swift; sourceTree = "<group>"; };
		603EB2711DCD76730057E55A /* ShinobiCharts.framework */ = {isa = PBXFileReference; lastKnownFileType = wrapper.framework; path = ShinobiCharts.framework; sourceTree = "<group>"; };
		603EB2741DCD767C0057E55A /* libc++.tbd */ = {isa = PBXFileReference; lastKnownFileType = "sourcecode.text-based-dylib-definition"; name = "libc++.tbd"; path = "usr/lib/libc++.tbd"; sourceTree = SDKROOT; };
		603EB27A1DCD77C30057E55A /* ShinobiChartController.swift */ = {isa = PBXFileReference; fileEncoding = 4; lastKnownFileType = sourcecode.swift; path = ShinobiChartController.swift; sourceTree = "<group>"; };
		604EF0991DC7538600E00620 /* SettingVolumeCell.swift */ = {isa = PBXFileReference; fileEncoding = 4; lastKnownFileType = sourcecode.swift; path = SettingVolumeCell.swift; sourceTree = "<group>"; };
		605416961DC1AE2900AB05FC /* BabyActivity+CoreDataProperties.swift */ = {isa = PBXFileReference; fileEncoding = 4; lastKnownFileType = sourcecode.swift; path = "BabyActivity+CoreDataProperties.swift"; sourceTree = "<group>"; };
		605416971DC1AE2900AB05FC /* BabyActivity.swift */ = {isa = PBXFileReference; fileEncoding = 4; lastKnownFileType = sourcecode.swift; path = BabyActivity.swift; sourceTree = "<group>"; };
		606293F21DCDC5F40056283D /* babyMonitor.entitlements */ = {isa = PBXFileReference; lastKnownFileType = text.plist.entitlements; path = babyMonitor.entitlements; sourceTree = "<group>"; };
		60660BB21DC1AF13008EDA35 /* ActivityController.swift */ = {isa = PBXFileReference; fileEncoding = 4; lastKnownFileType = sourcecode.swift; path = ActivityController.swift; sourceTree = "<group>"; };
		6088CF0B1DC1CD580015A453 /* HomeController.swift */ = {isa = PBXFileReference; fileEncoding = 4; lastKnownFileType = sourcecode.swift; path = HomeController.swift; sourceTree = "<group>"; };
		609288211DC1A74100026331 /* LiveStreamingController.swift */ = {isa = PBXFileReference; fileEncoding = 4; lastKnownFileType = sourcecode.swift; path = LiveStreamingController.swift; sourceTree = "<group>"; };
		609A1CAF1DC184E700B3FEF7 /* ActivityLogCell.swift */ = {isa = PBXFileReference; fileEncoding = 4; lastKnownFileType = sourcecode.swift; path = ActivityLogCell.swift; sourceTree = "<group>"; };
		609A1CB11DC1863600B3FEF7 /* SettingCell.swift */ = {isa = PBXFileReference; fileEncoding = 4; lastKnownFileType = sourcecode.swift; path = SettingCell.swift; sourceTree = "<group>"; };
		609A1CB41DC1873B00B3FEF7 /* SettingController.swift */ = {isa = PBXFileReference; fileEncoding = 4; lastKnownFileType = sourcecode.swift; path = SettingController.swift; sourceTree = "<group>"; };
		60E0BF6D1DC7678A000BCB74 /* UtilityForViewControllers.swift */ = {isa = PBXFileReference; fileEncoding = 4; lastKnownFileType = sourcecode.swift; path = UtilityForViewControllers.swift; sourceTree = "<group>"; };
		60E736831DCC4CE100EF8FC2 /* SettingNameCell.swift */ = {isa = PBXFileReference; fileEncoding = 4; lastKnownFileType = sourcecode.swift; path = SettingNameCell.swift; sourceTree = "<group>"; };
		60EF91DA1DC708FA001B2851 /* SettingTimePeriodCell.swift */ = {isa = PBXFileReference; fileEncoding = 4; lastKnownFileType = sourcecode.swift; path = SettingTimePeriodCell.swift; sourceTree = "<group>"; };
		60F905301DCC35E800C73B31 /* SettingDefaultImgCell.swift */ = {isa = PBXFileReference; fileEncoding = 4; lastKnownFileType = sourcecode.swift; path = SettingDefaultImgCell.swift; sourceTree = "<group>"; };
		60F905341DCC468400C73B31 /* BabyNameController.swift */ = {isa = PBXFileReference; fileEncoding = 4; lastKnownFileType = sourcecode.swift; path = BabyNameController.swift; sourceTree = "<group>"; };
		60F9E1B11DC0EEBA0083D240 /* babyMonitor.app */ = {isa = PBXFileReference; explicitFileType = wrapper.application; includeInIndex = 0; path = babyMonitor.app; sourceTree = BUILT_PRODUCTS_DIR; };
		60F9E1B41DC0EEBA0083D240 /* AppDelegate.swift */ = {isa = PBXFileReference; lastKnownFileType = sourcecode.swift; path = AppDelegate.swift; sourceTree = "<group>"; };
		60F9E1B91DC0EEBA0083D240 /* Base */ = {isa = PBXFileReference; lastKnownFileType = file.storyboard; name = Base; path = Base.lproj/Main.storyboard; sourceTree = "<group>"; };
		60F9E1BC1DC0EEBA0083D240 /* babyMonitor.xcdatamodel */ = {isa = PBXFileReference; lastKnownFileType = wrapper.xcdatamodel; path = babyMonitor.xcdatamodel; sourceTree = "<group>"; };
		60F9E1BE1DC0EEBA0083D240 /* Assets.xcassets */ = {isa = PBXFileReference; lastKnownFileType = folder.assetcatalog; path = Assets.xcassets; sourceTree = "<group>"; };
		60F9E1C11DC0EEBA0083D240 /* Base */ = {isa = PBXFileReference; lastKnownFileType = file.storyboard; name = Base; path = Base.lproj/LaunchScreen.storyboard; sourceTree = "<group>"; };
		60F9E1C31DC0EEBA0083D240 /* Info.plist */ = {isa = PBXFileReference; lastKnownFileType = text.plist.xml; path = Info.plist; sourceTree = "<group>"; };
/* End PBXFileReference section */

/* Begin PBXFrameworksBuildPhase section */
		60F9E1AE1DC0EEBA0083D240 /* Frameworks */ = {
			isa = PBXFrameworksBuildPhase;
			buildActionMask = 2147483647;
			files = (
				603EB2751DCD767C0057E55A /* libc++.tbd in Frameworks */,
				603EB2721DCD76730057E55A /* ShinobiCharts.framework in Frameworks */,
			);
			runOnlyForDeploymentPostprocessing = 0;
		};
/* End PBXFrameworksBuildPhase section */

/* Begin PBXGroup section */
		603EB2731DCD767B0057E55A /* Frameworks */ = {
			isa = PBXGroup;
			children = (
				603EB2741DCD767C0057E55A /* libc++.tbd */,
			);
			name = Frameworks;
			sourceTree = "<group>";
		};
		609A1CAD1DC1848700B3FEF7 /* tableViewCell */ = {
			isa = PBXGroup;
			children = (
				609A1CAF1DC184E700B3FEF7 /* ActivityLogCell.swift */,
				609A1CB11DC1863600B3FEF7 /* SettingCell.swift */,
				60EF91DA1DC708FA001B2851 /* SettingTimePeriodCell.swift */,
				604EF0991DC7538600E00620 /* SettingVolumeCell.swift */,
				60F905301DCC35E800C73B31 /* SettingDefaultImgCell.swift */,
				60E736831DCC4CE100EF8FC2 /* SettingNameCell.swift */,
			);
			name = tableViewCell;
			sourceTree = "<group>";
		};
		609A1CAE1DC1849400B3FEF7 /* coreDataEntity */ = {
			isa = PBXGroup;
			children = (
				6039CFE21DC389A800395D18 /* Settings+CoreDataProperties.swift */,
				6039CFE31DC389A800395D18 /* Settings.swift */,
				605416961DC1AE2900AB05FC /* BabyActivity+CoreDataProperties.swift */,
				605416971DC1AE2900AB05FC /* BabyActivity.swift */,
			);
			name = coreDataEntity;
			sourceTree = "<group>";
		};
		609A1CB31DC1870F00B3FEF7 /* viewController */ = {
			isa = PBXGroup;
			children = (
				6088CF0B1DC1CD580015A453 /* HomeController.swift */,
				609288211DC1A74100026331 /* LiveStreamingController.swift */,
				60660BB21DC1AF13008EDA35 /* ActivityController.swift */,
				609A1CB41DC1873B00B3FEF7 /* SettingController.swift */,
				60F905341DCC468400C73B31 /* BabyNameController.swift */,
				603EB27A1DCD77C30057E55A /* ShinobiChartController.swift */,
			);
			name = viewController;
			sourceTree = "<group>";
		};
		60F9E1A81DC0EEBA0083D240 = {
			isa = PBXGroup;
			children = (
				60F9E1B31DC0EEBA0083D240 /* babyMonitor */,
				60F9E1B21DC0EEBA0083D240 /* Products */,
				603EB2711DCD76730057E55A /* ShinobiCharts.framework */,
				603EB2731DCD767B0057E55A /* Frameworks */,
			);
			sourceTree = "<group>";
		};
		60F9E1B21DC0EEBA0083D240 /* Products */ = {
			isa = PBXGroup;
			children = (
				60F9E1B11DC0EEBA0083D240 /* babyMonitor.app */,
			);
			name = Products;
			sourceTree = "<group>";
		};
		60F9E1B31DC0EEBA0083D240 /* babyMonitor */ = {
			isa = PBXGroup;
			children = (
				606293F21DCDC5F40056283D /* babyMonitor.entitlements */,
				609A1CB31DC1870F00B3FEF7 /* viewController */,
				609A1CAE1DC1849400B3FEF7 /* coreDataEntity */,
				609A1CAD1DC1848700B3FEF7 /* tableViewCell */,
				60F9E1B41DC0EEBA0083D240 /* AppDelegate.swift */,
				60E0BF6D1DC7678A000BCB74 /* UtilityForViewControllers.swift */,
				60F9E1B81DC0EEBA0083D240 /* Main.storyboard */,
				60F9E1BE1DC0EEBA0083D240 /* Assets.xcassets */,
				60F9E1C01DC0EEBA0083D240 /* LaunchScreen.storyboard */,
				60F9E1C31DC0EEBA0083D240 /* Info.plist */,
				60F9E1BB1DC0EEBA0083D240 /* babyMonitor.xcdatamodeld */,
			);
			path = babyMonitor;
			sourceTree = "<group>";
		};
/* End PBXGroup section */

/* Begin PBXNativeTarget section */
		60F9E1B01DC0EEBA0083D240 /* babyMonitor */ = {
			isa = PBXNativeTarget;
			buildConfigurationList = 60F9E1C61DC0EEBA0083D240 /* Build configuration list for PBXNativeTarget "babyMonitor" */;
			buildPhases = (
				60F9E1AD1DC0EEBA0083D240 /* Sources */,
				60F9E1AE1DC0EEBA0083D240 /* Frameworks */,
				60F9E1AF1DC0EEBA0083D240 /* Resources */,
			);
			buildRules = (
			);
			dependencies = (
			);
			name = babyMonitor;
			productName = babyMonitor;
			productReference = 60F9E1B11DC0EEBA0083D240 /* babyMonitor.app */;
			productType = "com.apple.product-type.application";
		};
/* End PBXNativeTarget section */

/* Begin PBXProject section */
		60F9E1A91DC0EEBA0083D240 /* Project object */ = {
			isa = PBXProject;
			attributes = {
				LastSwiftUpdateCheck = 0730;
				LastUpgradeCheck = 0730;
				ORGANIZATIONNAME = FIT5140;
				TargetAttributes = {
					60F9E1B01DC0EEBA0083D240 = {
						CreatedOnToolsVersion = 7.3.1;
						DevelopmentTeam = ET8N4EUMNC;
						ProvisioningStyle = Automatic;
						SystemCapabilities = {
							com.apple.BackgroundModes = {
								enabled = 1;
							};
							com.apple.Keychain = {
								enabled = 1;
							};
						};
					};
				};
			};
			buildConfigurationList = 60F9E1AC1DC0EEBA0083D240 /* Build configuration list for PBXProject "babyMonitor" */;
			compatibilityVersion = "Xcode 3.2";
			developmentRegion = English;
			hasScannedForEncodings = 0;
			knownRegions = (
				en,
				Base,
			);
			mainGroup = 60F9E1A81DC0EEBA0083D240;
			productRefGroup = 60F9E1B21DC0EEBA0083D240 /* Products */;
			projectDirPath = "";
			projectRoot = "";
			targets = (
				60F9E1B01DC0EEBA0083D240 /* babyMonitor */,
			);
		};
/* End PBXProject section */

/* Begin PBXResourcesBuildPhase section */
		60F9E1AF1DC0EEBA0083D240 /* Resources */ = {
			isa = PBXResourcesBuildPhase;
			buildActionMask = 2147483647;
			files = (
				60F9E1C21DC0EEBA0083D240 /* LaunchScreen.storyboard in Resources */,
				60F9E1BF1DC0EEBA0083D240 /* Assets.xcassets in Resources */,
				60F9E1BA1DC0EEBA0083D240 /* Main.storyboard in Resources */,
			);
			runOnlyForDeploymentPostprocessing = 0;
		};
/* End PBXResourcesBuildPhase section */

/* Begin PBXSourcesBuildPhase section */
		60F9E1AD1DC0EEBA0083D240 /* Sources */ = {
			isa = PBXSourcesBuildPhase;
			buildActionMask = 2147483647;
			files = (
				60EF91DB1DC708FA001B2851 /* SettingTimePeriodCell.swift in Sources */,
				609288221DC1A74100026331 /* LiveStreamingController.swift in Sources */,
				609A1CB51DC1873B00B3FEF7 /* SettingController.swift in Sources */,
				6039CFE51DC389A800395D18 /* Settings.swift in Sources */,
				60F9E1B51DC0EEBA0083D240 /* AppDelegate.swift in Sources */,
				60660BB31DC1AF13008EDA35 /* ActivityController.swift in Sources */,
				60F905311DCC35E800C73B31 /* SettingDefaultImgCell.swift in Sources */,
				60E0BF6E1DC7678A000BCB74 /* UtilityForViewControllers.swift in Sources */,
				6088CF0C1DC1CD580015A453 /* HomeController.swift in Sources */,
				6054169B1DC1AE2900AB05FC /* BabyActivity.swift in Sources */,
				6054169A1DC1AE2900AB05FC /* BabyActivity+CoreDataProperties.swift in Sources */,
				60F905351DCC468400C73B31 /* BabyNameController.swift in Sources */,
				6039CFE41DC389A800395D18 /* Settings+CoreDataProperties.swift in Sources */,
				60F9E1BD1DC0EEBA0083D240 /* babyMonitor.xcdatamodeld in Sources */,
				609A1CB21DC1863600B3FEF7 /* SettingCell.swift in Sources */,
				60E736841DCC4CE100EF8FC2 /* SettingNameCell.swift in Sources */,
				603EB27B1DCD77C30057E55A /* ShinobiChartController.swift in Sources */,
				604EF09A1DC7538600E00620 /* SettingVolumeCell.swift in Sources */,
				609A1CB01DC184E700B3FEF7 /* ActivityLogCell.swift in Sources */,
			);
			runOnlyForDeploymentPostprocessing = 0;
		};
/* End PBXSourcesBuildPhase section */

/* Begin PBXVariantGroup section */
		60F9E1B81DC0EEBA0083D240 /* Main.storyboard */ = {
			isa = PBXVariantGroup;
			children = (
				60F9E1B91DC0EEBA0083D240 /* Base */,
			);
			name = Main.storyboard;
			sourceTree = "<group>";
		};
		60F9E1C01DC0EEBA0083D240 /* LaunchScreen.storyboard */ = {
			isa = PBXVariantGroup;
			children = (
				60F9E1C11DC0EEBA0083D240 /* Base */,
			);
			name = LaunchScreen.storyboard;
			sourceTree = "<group>";
		};
/* End PBXVariantGroup section */

/* Begin XCBuildConfiguration section */
		60F9E1C41DC0EEBA0083D240 /* Debug */ = {
			isa = XCBuildConfiguration;
			buildSettings = {
				ALWAYS_SEARCH_USER_PATHS = NO;
				CLANG_ANALYZER_NONNULL = YES;
				CLANG_CXX_LANGUAGE_STANDARD = "gnu++0x";
				CLANG_CXX_LIBRARY = "libc++";
				CLANG_ENABLE_MODULES = YES;
				CLANG_ENABLE_OBJC_ARC = YES;
				CLANG_WARN_BOOL_CONVERSION = YES;
				CLANG_WARN_CONSTANT_CONVERSION = YES;
				CLANG_WARN_DIRECT_OBJC_ISA_USAGE = YES_ERROR;
				CLANG_WARN_EMPTY_BODY = YES;
				CLANG_WARN_ENUM_CONVERSION = YES;
				CLANG_WARN_INT_CONVERSION = YES;
				CLANG_WARN_OBJC_ROOT_CLASS = YES_ERROR;
				CLANG_WARN_UNREACHABLE_CODE = YES;
				CLANG_WARN__DUPLICATE_METHOD_MATCH = YES;
				"CODE_SIGN_IDENTITY[sdk=iphoneos*]" = "iPhone Developer";
				COPY_PHASE_STRIP = NO;
				DEBUG_INFORMATION_FORMAT = dwarf;
				DEVELOPMENT_TEAM = ET8N4EUMNC;
				ENABLE_STRICT_OBJC_MSGSEND = YES;
				ENABLE_TESTABILITY = YES;
				GCC_C_LANGUAGE_STANDARD = gnu99;
				GCC_DYNAMIC_NO_PIC = NO;
				GCC_NO_COMMON_BLOCKS = YES;
				GCC_OPTIMIZATION_LEVEL = 0;
				GCC_PREPROCESSOR_DEFINITIONS = (
					"DEBUG=1",
					"$(inherited)",
				);
				GCC_WARN_64_TO_32_BIT_CONVERSION = YES;
				GCC_WARN_ABOUT_RETURN_TYPE = YES_ERROR;
				GCC_WARN_UNDECLARED_SELECTOR = YES;
				GCC_WARN_UNINITIALIZED_AUTOS = YES_AGGRESSIVE;
				GCC_WARN_UNUSED_FUNCTION = YES;
				GCC_WARN_UNUSED_VARIABLE = YES;
				IPHONEOS_DEPLOYMENT_TARGET = 10.0;
				MTL_ENABLE_DEBUG_INFO = YES;
				ONLY_ACTIVE_ARCH = YES;
				PROVISIONING_PROFILE = "";
				SDKROOT = iphoneos10.0;
				SWIFT_OPTIMIZATION_LEVEL = "-Onone";
				SWIFT_VERSION = 2.3;
				TARGETED_DEVICE_FAMILY = "1,2";
			};
			name = Debug;
		};
		60F9E1C51DC0EEBA0083D240 /* Release */ = {
			isa = XCBuildConfiguration;
			buildSettings = {
				ALWAYS_SEARCH_USER_PATHS = NO;
				CLANG_ANALYZER_NONNULL = YES;
				CLANG_CXX_LANGUAGE_STANDARD = "gnu++0x";
				CLANG_CXX_LIBRARY = "libc++";
				CLANG_ENABLE_MODULES = YES;
				CLANG_ENABLE_OBJC_ARC = YES;
				CLANG_WARN_BOOL_CONVERSION = YES;
				CLANG_WARN_CONSTANT_CONVERSION = YES;
				CLANG_WARN_DIRECT_OBJC_ISA_USAGE = YES_ERROR;
				CLANG_WARN_EMPTY_BODY = YES;
				CLANG_WARN_ENUM_CONVERSION = YES;
				CLANG_WARN_INT_CONVERSION = YES;
				CLANG_WARN_OBJC_ROOT_CLASS = YES_ERROR;
				CLANG_WARN_UNREACHABLE_CODE = YES;
				CLANG_WARN__DUPLICATE_METHOD_MATCH = YES;
				"CODE_SIGN_IDENTITY[sdk=iphoneos*]" = "iPhone Developer";
				COPY_PHASE_STRIP = NO;
				DEBUG_INFORMATION_FORMAT = "dwarf-with-dsym";
				DEVELOPMENT_TEAM = ET8N4EUMNC;
				ENABLE_NS_ASSERTIONS = NO;
				ENABLE_STRICT_OBJC_MSGSEND = YES;
				GCC_C_LANGUAGE_STANDARD = gnu99;
				GCC_NO_COMMON_BLOCKS = YES;
				GCC_WARN_64_TO_32_BIT_CONVERSION = YES;
				GCC_WARN_ABOUT_RETURN_TYPE = YES_ERROR;
				GCC_WARN_UNDECLARED_SELECTOR = YES;
				GCC_WARN_UNINITIALIZED_AUTOS = YES_AGGRESSIVE;
				GCC_WARN_UNUSED_FUNCTION = YES;
				GCC_WARN_UNUSED_VARIABLE = YES;
				IPHONEOS_DEPLOYMENT_TARGET = 10.0;
				MTL_ENABLE_DEBUG_INFO = NO;
				PROVISIONING_PROFILE = "";
				SDKROOT = iphoneos10.0;
				SWIFT_VERSION = 2.3;
				TARGETED_DEVICE_FAMILY = "1,2";
				VALIDATE_PRODUCT = YES;
			};
			name = Release;
		};
		60F9E1C71DC0EEBA0083D240 /* Debug */ = {
			isa = XCBuildConfiguration;
			buildSettings = {
				ASSETCATALOG_COMPILER_APPICON_NAME = AppIcon;
				CODE_SIGN_ENTITLEMENTS = babyMonitor/babyMonitor.entitlements;
				CODE_SIGN_IDENTITY = "iPhone Developer: ivanzhujunwei@gmail.com (3RPP64DFG7)";
				"CODE_SIGN_IDENTITY[sdk=iphoneos*]" = "iPhone Developer";
				DEVELOPMENT_TEAM = ET8N4EUMNC;
				FRAMEWORK_SEARCH_PATHS = (
					"$(inherited)",
					"$(PROJECT_DIR)",
				);
				INFOPLIST_FILE = babyMonitor/Info.plist;
				LD_RUNPATH_SEARCH_PATHS = "$(inherited) @executable_path/Frameworks";
				PRODUCT_BUNDLE_IDENTIFIER = com.FIT5140.babyMonitor;
				PRODUCT_NAME = "$(TARGET_NAME)";
				PROVISIONING_PROFILE_SPECIFIER = "";
				SWIFT_OBJC_BRIDGING_HEADER = "/Users/zjw/Downloads/trials/shinobicharts/shinobicontrols-ios-charts-trial-objc-2.9.0/ShinobiCharts.framework/Headers/ShinobiChart-Bridging-Header.h";
			};
			name = Debug;
		};
		60F9E1C81DC0EEBA0083D240 /* Release */ = {
			isa = XCBuildConfiguration;
			buildSettings = {
				ASSETCATALOG_COMPILER_APPICON_NAME = AppIcon;
				CODE_SIGN_ENTITLEMENTS = babyMonitor/babyMonitor.entitlements;
				CODE_SIGN_IDENTITY = "iPhone Developer: ivanzhujunwei@gmail.com (3RPP64DFG7)";
				"CODE_SIGN_IDENTITY[sdk=iphoneos*]" = "iPhone Developer";
				DEVELOPMENT_TEAM = ET8N4EUMNC;
				FRAMEWORK_SEARCH_PATHS = (
					"$(inherited)",
					"$(PROJECT_DIR)",
				);
				INFOPLIST_FILE = babyMonitor/Info.plist;
				LD_RUNPATH_SEARCH_PATHS = "$(inherited) @executable_path/Frameworks";
				PRODUCT_BUNDLE_IDENTIFIER = com.FIT5140.babyMonitor;
				PRODUCT_NAME = "$(TARGET_NAME)";
				PROVISIONING_PROFILE_SPECIFIER = "";
				SWIFT_OBJC_BRIDGING_HEADER = "/Users/zjw/Downloads/trials/shinobicharts/shinobicontrols-ios-charts-trial-objc-2.9.0/ShinobiCharts.framework/Headers/ShinobiChart-Bridging-Header.h";
			};
			name = Release;
		};
/* End XCBuildConfiguration section */

/* Begin XCConfigurationList section */
		60F9E1AC1DC0EEBA0083D240 /* Build configuration list for PBXProject "babyMonitor" */ = {
			isa = XCConfigurationList;
			buildConfigurations = (
				60F9E1C41DC0EEBA0083D240 /* Debug */,
				60F9E1C51DC0EEBA0083D240 /* Release */,
			);
			defaultConfigurationIsVisible = 0;
			defaultConfigurationName = Release;
		};
		60F9E1C61DC0EEBA0083D240 /* Build configuration list for PBXNativeTarget "babyMonitor" */ = {
			isa = XCConfigurationList;
			buildConfigurations = (
				60F9E1C71DC0EEBA0083D240 /* Debug */,
				60F9E1C81DC0EEBA0083D240 /* Release */,
			);
			defaultConfigurationIsVisible = 0;
			defaultConfigurationName = Release;
		};
/* End XCConfigurationList section */

/* Begin XCVersionGroup section */
		60F9E1BB1DC0EEBA0083D240 /* babyMonitor.xcdatamodeld */ = {
			isa = XCVersionGroup;
			children = (
				60F9E1BC1DC0EEBA0083D240 /* babyMonitor.xcdatamodel */,
			);
			currentVersion = 60F9E1BC1DC0EEBA0083D240 /* babyMonitor.xcdatamodel */;
			path = babyMonitor.xcdatamodeld;
			sourceTree = "<group>";
			versionGroupType = wrapper.xcdatamodel;
		};
/* End XCVersionGroup section */
	};
	rootObject = 60F9E1A91DC0EEBA0083D240 /* Project object */;
}
